using System;
using System.IO;
using ClosedXML.Excel;

class Program
{
    static void Main()
    {
        string vorlagePfad = @"D:\Berghof\Ausbildungsnachweise\Vorlage.xlsx";
        string speicherOrt = @"D:\Berghof\Ausbildungsnachweise";

        // Benutzer gibt die letzte Ausbildungsnachweisnummer ein
        Console.WriteLine("Geben Sie die letzte Ausbildungsnachweisnummer ein (z. B. 20):");
        int letzteNummer = int.Parse(Console.ReadLine());

        Console.WriteLine("Wie viele Ausbildungsnachweise sollen erstellt werden?");
        int anzahlAusbildungsnachweise = int.Parse(Console.ReadLine());

        Console.WriteLine("Geben Sie das Startdatum (z. B. 10.02.2025) ein:");
        DateTime startDatum = DateTime.Parse(Console.ReadLine());

        // Startnummer für den ersten Ausbildungsnachweis
        int startNummer = letzteNummer + 1;

        for (int i = startNummer; i < startNummer + anzahlAusbildungsnachweise; i++)
        {
            // Berechne den Montag der Woche für den aktuellen Ausbildungsnachweis
            DateTime montagDerWoche = GetMontag(startDatum.AddDays(7 * (i - startNummer)));

            string neuerDateiName = $"Ausbildungsnachweis_{i}.xlsx";  // Dateiname: Ausbildungsnachweis_1.xlsx, Ausbildungsnachweis_2.xlsx, etc.
            string neuerPfad = Path.Combine(speicherOrt, neuerDateiName);

            using (var workbook = new XLWorkbook(vorlagePfad))
            {
                // Wähle das zweite Arbeitsblatt (Index 1)
                var worksheet = workbook.Worksheet(2);  // 1 ist das zweite Blatt

                // Ausbildungsnachweisnummer und Datum eintragen
                worksheet.Cell("J1").Value = $"{i}";  // Nummer des Nachweises
                worksheet.Cell("G3").Value = montagDerWoche.ToString("dd.MM.yyyy"); // Startdatum der Woche (Montag)

                // Datei speichern
                workbook.SaveAs(neuerPfad);
                Console.WriteLine($"Datei erstellt: {neuerDateiName}");
            }
        }

        Console.WriteLine("Alle Ausbildungsnachweise wurden erfolgreich erstellt!");
    }

    // Methode, die den Montag der Woche berechnet
    static DateTime GetMontag(DateTime datum)
    {
        int diff = datum.DayOfWeek - DayOfWeek.Monday;
        if (diff < 0) diff += 7; // Wenn das Datum vor Montag liegt, gehe eine Woche zurück
        return datum.AddDays(-diff).Date;  // Datum für den Montag dieser Woche
    }
}
